Microsoft Visual Studio Solution File, Format Version 12.00
# Visual Studio Version 17
VisualStudioVersion = 17.5.2.0
MinimumVisualStudioVersion = 10.0.40219.1
Project("{2150E333-8FDC-42A3-9474-1A3956D46DE8}") = "Login_PI", "Login_PI", "{20D04ACC-0BF4-68D4-1DA3-8935D387EC1A}"
EndProject
Project("{FAE04EC0-301F-11D3-BF4B-00C04F79EFBC}") = "Login_PI", "Login_PI\Login_PI\Login_PI.csproj", "{155008B3-AB55-8424-728E-5444AAF8904E}"
EndProject
Global
	GlobalSection(SolutionConfigurationPlatforms) = preSolution
		Debug|Any CPU = Debug|Any CPU
		Release|Any CPU = Release|Any CPU
	EndGlobalSection
	GlobalSection(ProjectConfigurationPlatforms) = postSolution
		{155008B3-AB55-8424-728E-5444AAF8904E}.Debug|Any CPU.ActiveCfg = Debug|Any CPU
		{155008B3-AB55-8424-728E-5444AAF8904E}.Debug|Any CPU.Build.0 = Debug|Any CPU
		{155008B3-AB55-8424-728E-5444AAF8904E}.Release|Any CPU.ActiveCfg = Release|Any CPU
		{155008B3-AB55-8424-728E-5444AAF8904E}.Release|Any CPU.Build.0 = Release|Any CPU
	EndGlobalSection
	GlobalSection(SolutionProperties) = preSolution
		HideSolutionNode = FALSE
	EndGlobalSection
	GlobalSection(NestedProjects) = preSolution
		{155008B3-AB55-8424-728E-5444AAF8904E} = {20D04ACC-0BF4-68D4-1DA3-8935D387EC1A}
	EndGlobalSection
	GlobalSection(ExtensibilityGlobals) = postSolution
		SolutionGuid = {50247B59-22BC-43B9-84C4-EDBC29E2E35C}
	EndGlobalSection
EndGlobal
